
Microsoft Visual Studio Solution File, Format Version 12.00
# Visual Studio Version 16
VisualStudioVersion = 16.0.30128.74
MinimumVisualStudioVersion = 10.0.40219.1
Project("{FAE04EC0-301F-11D3-BF4B-00C04F79EFBC}") = "ParserWpf", "ParserWpf\ParserWpf.csproj", "{54BD5129-C2B1-4F86-8A17-05A37B482E10}"
EndProject
Global
	GlobalSection(SolutionConfigurationPlatforms) = preSolution
		Debug|x64 = Debug|x64
		Release|x64 = Release|x64
	EndGlobalSection
	GlobalSection(ProjectConfigurationPlatforms) = postSolution
		{54BD5129-C2B1-4F86-8A17-05A37B482E10}.Debug|x64.ActiveCfg = Debug|x64
		{54BD5129-C2B1-4F86-8A17-05A37B482E10}.Debug|x64.Build.0 = Debug|x64
		{54BD5129-C2B1-4F86-8A17-05A37B482E10}.Release|x64.ActiveCfg = Release|x64
		{54BD5129-C2B1-4F86-8A17-05A37B482E10}.Release|x64.Build.0 = Release|x64
	EndGlobalSection
	GlobalSection(SolutionProperties) = preSolution
		HideSolutionNode = FALSE
	EndGlobalSection
	GlobalSection(ExtensibilityGlobals) = postSolution
		SolutionGuid = {25AB59B9-CD83-40EE-B746-15E3507E3597}
	EndGlobalSection
EndGlobal
